
Microsoft Visual Studio Solution File, Format Version 12.00
# Visual Studio Version 16
VisualStudioVersion = 16.0.32901.82
MinimumVisualStudioVersion = 10.0.40219.1
Project("{FAE04EC0-301F-11D3-BF4B-00C04F79EFBC}") = "simnet", "simnet\simnet.csproj", "{39F99B7D-84B4-480C-8367-5265761AE4E7}"
EndProject
Global
	GlobalSection(SolutionConfigurationPlatforms) = preSolution
		Debug|Any CPU = Debug|Any CPU
		Release|Any CPU = Release|Any CPU
	EndGlobalSection
	GlobalSection(ProjectConfigurationPlatforms) = postSolution
		{39F99B7D-84B4-480C-8367-5265761AE4E7}.Debug|Any CPU.ActiveCfg = Debug|Any CPU
		{39F99B7D-84B4-480C-8367-5265761AE4E7}.Debug|Any CPU.Build.0 = Debug|Any CPU
		{39F99B7D-84B4-480C-8367-5265761AE4E7}.Release|Any CPU.ActiveCfg = Release|Any CPU
		{39F99B7D-84B4-480C-8367-5265761AE4E7}.Release|Any CPU.Build.0 = Release|Any CPU
	EndGlobalSection
	GlobalSection(SolutionProperties) = preSolution
		HideSolutionNode = FALSE
	EndGlobalSection
	GlobalSection(ExtensibilityGlobals) = postSolution
		SolutionGuid = {7315F0E2-89DC-400D-B464-CED4AD9B105F}
	EndGlobalSection
EndGlobal
